// !$*UTF8*$!
{
	archiveVersion = 1;
	classes = {
	};
	objectVersion = 50;
	objects = {

/* Begin PBXBuildFile section */
		91CCC7F524E69D4A0056A60D /* AppDelegate.m in Sources */ = {isa = PBXBuildFile; fileRef = 91CCC7F424E69D4A0056A60D /* AppDelegate.m */; };
		91CCC7F824E69D4A0056A60D /* SceneDelegate.m in Sources */ = {isa = PBXBuildFile; fileRef = 91CCC7F724E69D4A0056A60D /* SceneDelegate.m */; };
		91CCC7FB24E69D4A0056A60D /* ViewController.m in Sources */ = {isa = PBXBuildFile; fileRef = 91CCC7FA24E69D4A0056A60D /* ViewController.m */; };
		91CCC7FE24E69D4A0056A60D /* Main.storyboard in Resources */ = {isa = PBXBuildFile; fileRef = 91CCC7FC24E69D4A0056A60D /* Main.storyboard */; };
		91CCC80024E69D4C0056A60D /* Assets.xcassets in Resources */ = {isa = PBXBuildFile; fileRef = 91CCC7FF24E69D4C0056A60D /* Assets.xcassets */; };
		91CCC80324E69D4C0056A60D /* LaunchScreen.storyboard in Resources */ = {isa = PBXBuildFile; fileRef = 91CCC80124E69D4C0056A60D /* LaunchScreen.storyboard */; };
		91CCC80624E69D4C0056A60D /* main.m in Sources */ = {isa = PBXBuildFile; fileRef = 91CCC80524E69D4C0056A60D /* main.m */; };
		91CCC80F24E69D570056A60D /* MobileRTCResources.bundle in Resources */ = {isa = PBXBuildFile; fileRef = 91CCC80D24E69D560056A60D /* MobileRTCResources.bundle */; };
		91CCC81124E69D5A0056A60D /* MobileRTC.framework in Frameworks */ = {isa = PBXBuildFile; fileRef = 91CCC80E24E69D560056A60D /* MobileRTC.framework */; };
		91CCC81224E69D5A0056A60D /* MobileRTC.framework in Embed Frameworks */ = {isa = PBXBuildFile; fileRef = 91CCC80E24E69D560056A60D /* MobileRTC.framework */; settings = {ATTRIBUTES = (CodeSignOnCopy, RemoveHeadersOnCopy, ); }; };
/* End PBXBuildFile section */

/* Begin PBXCopyFilesBuildPhase section */
		91CCC81324E69D5A0056A60D /* Embed Frameworks */ = {
			isa = PBXCopyFilesBuildPhase;
			buildActionMask = 2147483647;
			dstPath = "";
			dstSubfolderSpec = 10;
			files = (
				91CCC81224E69D5A0056A60D /* MobileRTC.framework in Embed Frameworks */,
			);
			name = "Embed Frameworks";
			runOnlyForDeploymentPostprocessing = 0;
		};
/* End PBXCopyFilesBuildPhase section */

/* Begin PBXFileReference section */
		91CCC7F024E69D4A0056A60D /* MobileRTCSDKDemo.app */ = {isa = PBXFileReference; explicitFileType = wrapper.application; includeInIndex = 0; path = MobileRTCSDKDemo.app; sourceTree = BUILT_PRODUCTS_DIR; };
		91CCC7F324E69D4A0056A60D /* AppDelegate.h */ = {isa = PBXFileReference; lastKnownFileType = sourcecode.c.h; path = AppDelegate.h; sourceTree = "<group>"; };
		91CCC7F424E69D4A0056A60D /* AppDelegate.m */ = {isa = PBXFileReference; lastKnownFileType = sourcecode.c.objc; path = AppDelegate.m; sourceTree = "<group>"; };
		91CCC7F624E69D4A0056A60D /* SceneDelegate.h */ = {isa = PBXFileReference; lastKnownFileType = sourcecode.c.h; path = SceneDelegate.h; sourceTree = "<group>"; };
		91CCC7F724E69D4A0056A60D /* SceneDelegate.m */ = {isa = PBXFileReference; lastKnownFileType = sourcecode.c.objc; path = SceneDelegate.m; sourceTree = "<group>"; };
		91CCC7F924E69D4A0056A60D /* ViewController.h */ = {isa = PBXFileReference; lastKnownFileType = sourcecode.c.h; path = ViewController.h; sourceTree = "<group>"; };
		91CCC7FA24E69D4A0056A60D /* ViewController.m */ = {isa = PBXFileReference; lastKnownFileType = sourcecode.c.objc; path = ViewController.m; sourceTree = "<group>"; };
		91CCC7FD24E69D4A0056A60D /* Base */ = {isa = PBXFileReference; lastKnownFileType = file.storyboard; name = Base; path = Base.lproj/Main.storyboard; sourceTree = "<group>"; };
		91CCC7FF24E69D4C0056A60D /* Assets.xcassets */ = {isa = PBXFileReference; lastKnownFileType = folder.assetcatalog; path = Assets.xcassets; sourceTree = "<group>"; };
		91CCC80224E69D4C0056A60D /* Base */ = {isa = PBXFileReference; lastKnownFileType = file.storyboard; name = Base; path = Base.lproj/LaunchScreen.storyboard; sourceTree = "<group>"; };
		91CCC80424E69D4C0056A60D /* Info.plist */ = {isa = PBXFileReference; lastKnownFileType = text.plist.xml; path = Info.plist; sourceTree = "<group>"; };
		91CCC80524E69D4C0056A60D /* main.m */ = {isa = PBXFileReference; lastKnownFileType = sourcecode.c.objc; path = main.m; sourceTree = "<group>"; };
		91CCC80D24E69D560056A60D /* MobileRTCResources.bundle */ = {isa = PBXFileReference; lastKnownFileType = "wrapper.plug-in"; path = MobileRTCResources.bundle; sourceTree = "<group>"; };
		91CCC80E24E69D560056A60D /* MobileRTC.framework */ = {isa = PBXFileReference; lastKnownFileType = wrapper.framework; path = MobileRTC.framework; sourceTree = "<group>"; };
/* End PBXFileReference section */

/* Begin PBXFrameworksBuildPhase section */
		91CCC7ED24E69D4A0056A60D /* Frameworks */ = {
			isa = PBXFrameworksBuildPhase;
			buildActionMask = 2147483647;
			files = (
				91CCC81124E69D5A0056A60D /* MobileRTC.framework in Frameworks */,
			);
			runOnlyForDeploymentPostprocessing = 0;
		};
/* End PBXFrameworksBuildPhase section */

/* Begin PBXGroup section */
		91CCC7E724E69D4A0056A60D = {
			isa = PBXGroup;
			children = (
				91CCC7F224E69D4A0056A60D /* MobileRTCSDKDemo */,
				91CCC7F124E69D4A0056A60D /* Products */,
			);
			sourceTree = "<group>";
		};
		91CCC7F124E69D4A0056A60D /* Products */ = {
			isa = PBXGroup;
			children = (
				91CCC7F024E69D4A0056A60D /* MobileRTCSDKDemo.app */,
			);
			name = Products;
			sourceTree = "<group>";
		};
		91CCC7F224E69D4A0056A60D /* MobileRTCSDKDemo */ = {
			isa = PBXGroup;
			children = (
				91CCC80C24E69D560056A60D /* MobileRTCSDK */,
				91CCC7F324E69D4A0056A60D /* AppDelegate.h */,
				91CCC7F424E69D4A0056A60D /* AppDelegate.m */,
				91CCC7F624E69D4A0056A60D /* SceneDelegate.h */,
				91CCC7F724E69D4A0056A60D /* SceneDelegate.m */,
				91CCC7F924E69D4A0056A60D /* ViewController.h */,
				91CCC7FA24E69D4A0056A60D /* ViewController.m */,
				91CCC7FC24E69D4A0056A60D /* Main.storyboard */,
				91CCC7FF24E69D4C0056A60D /* Assets.xcassets */,
				91CCC80124E69D4C0056A60D /* LaunchScreen.storyboard */,
				91CCC80424E69D4C0056A60D /* Info.plist */,
				91CCC80524E69D4C0056A60D /* main.m */,
			);
			path = MobileRTCSDKDemo;
			sourceTree = "<group>";
		};
		91CCC80C24E69D560056A60D /* MobileRTCSDK */ = {
			isa = PBXGroup;
			children = (
				91CCC80D24E69D560056A60D /* MobileRTCResources.bundle */,
				91CCC80E24E69D560056A60D /* MobileRTC.framework */,
			);
			path = MobileRTCSDK;
			sourceTree = "<group>";
		};
/* End PBXGroup section */

/* Begin PBXNativeTarget section */
		91CCC7EF24E69D4A0056A60D /* MobileRTCSDKDemo */ = {
			isa = PBXNativeTarget;
			buildConfigurationList = 91CCC80924E69D4C0056A60D /* Build configuration list for PBXNativeTarget "MobileRTCSDKDemo" */;
			buildPhases = (
				91CCC7EC24E69D4A0056A60D /* Sources */,
				91CCC7ED24E69D4A0056A60D /* Frameworks */,
				91CCC7EE24E69D4A0056A60D /* Resources */,
				91CCC81324E69D5A0056A60D /* Embed Frameworks */,
			);
			buildRules = (
			);
			dependencies = (
			);
			name = MobileRTCSDKDemo;
			productName = MobileRTCSDKDemo;
			productReference = 91CCC7F024E69D4A0056A60D /* MobileRTCSDKDemo.app */;
			productType = "com.apple.product-type.application";
		};
/* End PBXNativeTarget section */

/* Begin PBXProject section */
		91CCC7E824E69D4A0056A60D /* Project object */ = {
			isa = PBXProject;
			attributes = {
				LastUpgradeCheck = 1150;
				ORGANIZATIONNAME = CMCC;
				TargetAttributes = {
					91CCC7EF24E69D4A0056A60D = {
						CreatedOnToolsVersion = 11.5;
					};
				};
			};
			buildConfigurationList = 91CCC7EB24E69D4A0056A60D /* Build configuration list for PBXProject "MobileRTCSDKDemo" */;
			compatibilityVersion = "Xcode 9.3";
			developmentRegion = en;
			hasScannedForEncodings = 0;
			knownRegions = (
				en,
				Base,
			);
			mainGroup = 91CCC7E724E69D4A0056A60D;
			productRefGroup = 91CCC7F124E69D4A0056A60D /* Products */;
			projectDirPath = "";
			projectRoot = "";
			targets = (
				91CCC7EF24E69D4A0056A60D /* MobileRTCSDKDemo */,
			);
		};
/* End PBXProject section */

/* Begin PBXResourcesBuildPhase section */
		91CCC7EE24E69D4A0056A60D /* Resources */ = {
			isa = PBXResourcesBuildPhase;
			buildActionMask = 2147483647;
			files = (
				91CCC80324E69D4C0056A60D /* LaunchScreen.storyboard in Resources */,
				91CCC80F24E69D570056A60D /* MobileRTCResources.bundle in Resources */,
				91CCC80024E69D4C0056A60D /* Assets.xcassets in Resources */,
				91CCC7FE24E69D4A0056A60D /* Main.storyboard in Resources */,
			);
			runOnlyForDeploymentPostprocessing = 0;
		};
/* End PBXResourcesBuildPhase section */

/* Begin PBXSourcesBuildPhase section */
		91CCC7EC24E69D4A0056A60D /* Sources */ = {
			isa = PBXSourcesBuildPhase;
			buildActionMask = 2147483647;
			files = (
				91CCC7FB24E69D4A0056A60D /* ViewController.m in Sources */,
				91CCC7F524E69D4A0056A60D /* AppDelegate.m in Sources */,
				91CCC80624E69D4C0056A60D /* main.m in Sources */,
				91CCC7F824E69D4A0056A60D /* SceneDelegate.m in Sources */,
			);
			runOnlyForDeploymentPostprocessing = 0;
		};
/* End PBXSourcesBuildPhase section */

/* Begin PBXVariantGroup section */
		91CCC7FC24E69D4A0056A60D /* Main.storyboard */ = {
			isa = PBXVariantGroup;
			children = (
				91CCC7FD24E69D4A0056A60D /* Base */,
			);
			name = Main.storyboard;
			sourceTree = "<group>";
		};
		91CCC80124E69D4C0056A60D /* LaunchScreen.storyboard */ = {
			isa = PBXVariantGroup;
			children = (
				91CCC80224E69D4C0056A60D /* Base */,
			);
			name = LaunchScreen.storyboard;
			sourceTree = "<group>";
		};
/* End PBXVariantGroup section */

/* Begin XCBuildConfiguration section */
		91CCC80724E69D4C0056A60D /* Debug */ = {
			isa = XCBuildConfiguration;
			buildSettings = {
				ALWAYS_SEARCH_USER_PATHS = NO;
				CLANG_ANALYZER_NONNULL = YES;
				CLANG_ANALYZER_NUMBER_OBJECT_CONVERSION = YES_AGGRESSIVE;
				CLANG_CXX_LANGUAGE_STANDARD = "gnu++14";
				CLANG_CXX_LIBRARY = "libc++";
				CLANG_ENABLE_MODULES = YES;
				CLANG_ENABLE_OBJC_ARC = YES;
				CLANG_ENABLE_OBJC_WEAK = YES;
				CLANG_WARN_BLOCK_CAPTURE_AUTORELEASING = YES;
				CLANG_WARN_BOOL_CONVERSION = YES;
				CLANG_WARN_COMMA = YES;
				CLANG_WARN_CONSTANT_CONVERSION = YES;
				CLANG_WARN_DEPRECATED_OBJC_IMPLEMENTATIONS = YES;
				CLANG_WARN_DIRECT_OBJC_ISA_USAGE = YES_ERROR;
				CLANG_WARN_DOCUMENTATION_COMMENTS = YES;
				CLANG_WARN_EMPTY_BODY = YES;
				CLANG_WARN_ENUM_CONVERSION = YES;
				CLANG_WARN_INFINITE_RECURSION = YES;
				CLANG_WARN_INT_CONVERSION = YES;
				CLANG_WARN_NON_LITERAL_NULL_CONVERSION = YES;
				CLANG_WARN_OBJC_IMPLICIT_RETAIN_SELF = YES;
				CLANG_WARN_OBJC_LITERAL_CONVERSION = YES;
				CLANG_WARN_OBJC_ROOT_CLASS = YES_ERROR;
				CLANG_WARN_RANGE_LOOP_ANALYSIS = YES;
				CLANG_WARN_STRICT_PROTOTYPES = YES;
				CLANG_WARN_SUSPICIOUS_MOVE = YES;
				CLANG_WARN_UNGUARDED_AVAILABILITY = YES_AGGRESSIVE;
				CLANG_WARN_UNREACHABLE_CODE = YES;
				CLANG_WARN__DUPLICATE_METHOD_MATCH = YES;
				COPY_PHASE_STRIP = NO;
				DEBUG_INFORMATION_FORMAT = dwarf;
				ENABLE_STRICT_OBJC_MSGSEND = YES;
				ENABLE_TESTABILITY = YES;
				GCC_C_LANGUAGE_STANDARD = gnu11;
				GCC_DYNAMIC_NO_PIC = NO;
				GCC_NO_COMMON_BLOCKS = YES;
				GCC_OPTIMIZATION_LEVEL = 0;
				GCC_PREPROCESSOR_DEFINITIONS = (
					"DEBUG=1",
					"$(inherited)",
				);
				GCC_WARN_64_TO_32_BIT_CONVERSION = YES;
				GCC_WARN_ABOUT_RETURN_TYPE = YES_ERROR;
				GCC_WARN_UNDECLARED_SELECTOR = YES;
				GCC_WARN_UNINITIALIZED_AUTOS = YES_AGGRESSIVE;
				GCC_WARN_UNUSED_FUNCTION = YES;
				GCC_WARN_UNUSED_VARIABLE = YES;
				IPHONEOS_DEPLOYMENT_TARGET = 13.5;
				MTL_ENABLE_DEBUG_INFO = INCLUDE_SOURCE;
				MTL_FAST_MATH = YES;
				ONLY_ACTIVE_ARCH = YES;
				SDKROOT = iphoneos;
			};
			name = Debug;
		};
		91CCC80824E69D4C0056A60D /* Release */ = {
			isa = XCBuildConfiguration;
			buildSettings = {
				ALWAYS_SEARCH_USER_PATHS = NO;
				CLANG_ANALYZER_NONNULL = YES;
				CLANG_ANALYZER_NUMBER_OBJECT_CONVERSION = YES_AGGRESSIVE;
				CLANG_CXX_LANGUAGE_STANDARD = "gnu++14";
				CLANG_CXX_LIBRARY = "libc++";
				CLANG_ENABLE_MODULES = YES;
				CLANG_ENABLE_OBJC_ARC = YES;
				CLANG_ENABLE_OBJC_WEAK = YES;
				CLANG_WARN_BLOCK_CAPTURE_AUTORELEASING = YES;
				CLANG_WARN_BOOL_CONVERSION = YES;
				CLANG_WARN_COMMA = YES;
				CLANG_WARN_CONSTANT_CONVERSION = YES;
				CLANG_WARN_DEPRECATED_OBJC_IMPLEMENTATIONS = YES;
				CLANG_WARN_DIRECT_OBJC_ISA_USAGE = YES_ERROR;
				CLANG_WARN_DOCUMENTATION_COMMENTS = YES;
				CLANG_WARN_EMPTY_BODY = YES;
				CLANG_WARN_ENUM_CONVERSION = YES;
				CLANG_WARN_INFINITE_RECURSION = YES;
				CLANG_WARN_INT_CONVERSION = YES;
				CLANG_WARN_NON_LITERAL_NULL_CONVERSION = YES;
				CLANG_WARN_OBJC_IMPLICIT_RETAIN_SELF = YES;
				CLANG_WARN_OBJC_LITERAL_CONVERSION = YES;
				CLANG_WARN_OBJC_ROOT_CLASS = YES_ERROR;
				CLANG_WARN_RANGE_LOOP_ANALYSIS = YES;
				CLANG_WARN_STRICT_PROTOTYPES = YES;
				CLANG_WARN_SUSPICIOUS_MOVE = YES;
				CLANG_WARN_UNGUARDED_AVAILABILITY = YES_AGGRESSIVE;
				CLANG_WARN_UNREACHABLE_CODE = YES;
				CLANG_WARN__DUPLICATE_METHOD_MATCH = YES;
				COPY_PHASE_STRIP = NO;
				DEBUG_INFORMATION_FORMAT = "dwarf-with-dsym";
				ENABLE_NS_ASSERTIONS = NO;
				ENABLE_STRICT_OBJC_MSGSEND = YES;
				GCC_C_LANGUAGE_STANDARD = gnu11;
				GCC_NO_COMMON_BLOCKS = YES;
				GCC_WARN_64_TO_32_BIT_CONVERSION = YES;
				GCC_WARN_ABOUT_RETURN_TYPE = YES_ERROR;
				GCC_WARN_UNDECLARED_SELECTOR = YES;
				GCC_WARN_UNINITIALIZED_AUTOS = YES_AGGRESSIVE;
				GCC_WARN_UNUSED_FUNCTION = YES;
				GCC_WARN_UNUSED_VARIABLE = YES;
				IPHONEOS_DEPLOYMENT_TARGET = 13.5;
				MTL_ENABLE_DEBUG_INFO = NO;
				MTL_FAST_MATH = YES;
				SDKROOT = iphoneos;
				VALIDATE_PRODUCT = YES;
			};
			name = Release;
		};
		91CCC80A24E69D4C0056A60D /* Debug */ = {
			isa = XCBuildConfiguration;
			buildSettings = {
				ASSETCATALOG_COMPILER_APPICON_NAME = AppIcon;
				CODE_SIGN_STYLE = Automatic;
				DEVELOPMENT_TEAM = PS3T6HBA6H;
				FRAMEWORK_SEARCH_PATHS = (
					"$(inherited)",
					"$(PROJECT_DIR)/MobileRTCSDKDemo/MobileRTCSDK",
				);
				INFOPLIST_FILE = MobileRTCSDKDemo/Info.plist;
				LD_RUNPATH_SEARCH_PATHS = (
					"$(inherited)",
					"@executable_path/Frameworks",
				);
				PRODUCT_BUNDLE_IDENTIFIER = cmcc.MobileRTCSDKDemo;
				PRODUCT_NAME = "$(TARGET_NAME)";
				TARGETED_DEVICE_FAMILY = 1;
			};
			name = Debug;
		};
		91CCC80B24E69D4C0056A60D /* Release */ = {
			isa = XCBuildConfiguration;
			buildSettings = {
				ASSETCATALOG_COMPILER_APPICON_NAME = AppIcon;
				CODE_SIGN_STYLE = Automatic;
				DEVELOPMENT_TEAM = PS3T6HBA6H;
				FRAMEWORK_SEARCH_PATHS = (
					"$(inherited)",
					"$(PROJECT_DIR)/MobileRTCSDKDemo/MobileRTCSDK",
				);
				INFOPLIST_FILE = MobileRTCSDKDemo/Info.plist;
				LD_RUNPATH_SEARCH_PATHS = (
					"$(inherited)",
					"@executable_path/Frameworks",
				);
				PRODUCT_BUNDLE_IDENTIFIER = cmcc.MobileRTCSDKDemo;
				PRODUCT_NAME = "$(TARGET_NAME)";
				TARGETED_DEVICE_FAMILY = 1;
			};
			name = Release;
		};
/* End XCBuildConfiguration section */

/* Begin XCConfigurationList section */
		91CCC7EB24E69D4A0056A60D /* Build configuration list for PBXProject "MobileRTCSDKDemo" */ = {
			isa = XCConfigurationList;
			buildConfigurations = (
				91CCC80724E69D4C0056A60D /* Debug */,
				91CCC80824E69D4C0056A60D /* Release */,
			);
			defaultConfigurationIsVisible = 0;
			defaultConfigurationName = Release;
		};
		91CCC80924E69D4C0056A60D /* Build configuration list for PBXNativeTarget "MobileRTCSDKDemo" */ = {
			isa = XCConfigurationList;
			buildConfigurations = (
				91CCC80A24E69D4C0056A60D /* Debug */,
				91CCC80B24E69D4C0056A60D /* Release */,
			);
			defaultConfigurationIsVisible = 0;
			defaultConfigurationName = Release;
		};
/* End XCConfigurationList section */
	};
	rootObject = 91CCC7E824E69D4A0056A60D /* Project object */;
}
